
Microsoft Visual Studio Solution File, Format Version 11.00
# Visual Studio 2010
Project("{8BC9CEB8-8B4A-11D0-8D11-00A0C91BC942}") = "3d", "3d.vcxproj", "{15F0A79D-4B28-4C1E-8CB6-C8EE7C49B52E}"
EndProject
Project("{8BC9CEB8-8B4A-11D0-8D11-00A0C91BC942}") = "asyncio", "asyncio.vcxproj", "{A9D19CB4-B48F-479C-B29C-D2ABCFF7DB18}"
EndProject
Project("{8BC9CEB8-8B4A-11D0-8D11-00A0C91BC942}") = "channel_groups", "channel_groups.vcxproj", "{DBE94358-762E-462C-A18B-68E9EEB9B0D8}"
EndProject
Project("{8BC9CEB8-8B4A-11D0-8D11-00A0C91BC942}") = "convolution_reverb", "convolution_reverb.vcxproj", "{0397A8C7-17E7-41B4-9E75-4B8FF479664A}"
EndProject
Project("{8BC9CEB8-8B4A-11D0-8D11-00A0C91BC942}") = "dsp_custom", "dsp_custom.vcxproj", "{F7AC0944-FE3D-424B-90E5-ADA61CB7A7B9}"
EndProject
Project("{8BC9CEB8-8B4A-11D0-8D11-00A0C91BC942}") = "dsp_effect_per_speaker", "dsp_effect_per_speaker.vcxproj", "{F462309D-1287-4F5C-B7CC-73CE785C71C1}"
EndProject
Project("{8BC9CEB8-8B4A-11D0-8D11-00A0C91BC942}") = "effects", "effects.vcxproj", "{5030C8F3-8225-4260-921C-A1FFC5DBE606}"
EndProject
Project("{8BC9CEB8-8B4A-11D0-8D11-00A0C91BC942}") = "gapless_playback", "gapless_playback.vcxproj", "{6F763EB0-8293-4515-830F-7E812E503C6F}"
EndProject
Project("{8BC9CEB8-8B4A-11D0-8D11-00A0C91BC942}") = "generate_tone", "generate_tone.vcxproj", "{11FFE402-9E42-4B9E-99EF-F3E893A1F170}"
EndProject
Project("{8BC9CEB8-8B4A-11D0-8D11-00A0C91BC942}") = "granular_synth", "granular_synth.vcxproj", "{FD72559F-A594-4BBA-BD47-078840D4F0E7}"
EndProject
Project("{8BC9CEB8-8B4A-11D0-8D11-00A0C91BC942}") = "load_from_memory", "load_from_memory.vcxproj", "{86CBBC94-702E-4200-829D-EF5252882243}"
EndProject
Project("{8BC9CEB8-8B4A-11D0-8D11-00A0C91BC942}") = "multiple_speaker", "multiple_speaker.vcxproj", "{AA554B0E-63D0-4686-8DDE-7985C41E3BCB}"
EndProject
Project("{8BC9CEB8-8B4A-11D0-8D11-00A0C91BC942}") = "multiple_system", "multiple_system.vcxproj", "{7FEFA0B5-825F-4203-B508-7A2930D8B700}"
EndProject
Project("{8BC9CEB8-8B4A-11D0-8D11-00A0C91BC942}") = "net_stream", "net_stream.vcxproj", "{B99C5EE7-4197-43F3-A870-FD71442B2519}"
EndProject
Project("{8BC9CEB8-8B4A-11D0-8D11-00A0C91BC942}") = "play_sound", "play_sound.vcxproj", "{D1D074C3-E945-4C9F-AF8C-387F2092D26A}"
EndProject
Project("{8BC9CEB8-8B4A-11D0-8D11-00A0C91BC942}") = "play_stream", "play_stream.vcxproj", "{EC2CE11F-7A31-48F0-B278-1C5CC0BE947A}"
EndProject
Project("{8BC9CEB8-8B4A-11D0-8D11-00A0C91BC942}") = "record", "record.vcxproj", "{2724F8F5-51FF-4ECB-9177-CD6621DB3B72}"
EndProject
Project("{8BC9CEB8-8B4A-11D0-8D11-00A0C91BC942}") = "user_created_sound", "user_created_sound.vcxproj", "{6B480706-B310-472C-AC06-D92B1EEEE4D6}"
EndProject
Project("{8BC9CEB8-8B4A-11D0-8D11-00A0C91BC942}") = "fmod_codec_raw", "fmod_codec_raw.vcxproj", "{32CE7482-03A0-4352-B2BD-FA6B2016E3E2}"
EndProject
Project("{8BC9CEB8-8B4A-11D0-8D11-00A0C91BC942}") = "fmod_distance_filter", "fmod_distance_filter.vcxproj", "{3161E7FA-E1CB-47E0-B195-CB57F26C256D}"
EndProject
Project("{8BC9CEB8-8B4A-11D0-8D11-00A0C91BC942}") = "fmod_gain", "fmod_gain.vcxproj", "{5164F3C0-AADA-434D-BE41-29C5892410AF}"
EndProject
Project("{8BC9CEB8-8B4A-11D0-8D11-00A0C91BC942}") = "fmod_noise", "fmod_noise.vcxproj", "{A4F2B419-4C93-4969-A6C6-0FAE249DD4C1}"
EndProject
Global
	GlobalSection(SolutionConfigurationPlatforms) = preSolution
		Debug|Win32 = Debug|Win32
		Debug|x64 = Debug|x64
		Release|Win32 = Release|Win32
		Release|x64 = Release|x64
	EndGlobalSection
	GlobalSection(ProjectConfigurationPlatforms) = postSolution
		{15F0A79D-4B28-4C1E-8CB6-C8EE7C49B52E}.Debug|Win32.ActiveCfg = Debug|Win32
		{15F0A79D-4B28-4C1E-8CB6-C8EE7C49B52E}.Debug|Win32.Build.0 = Debug|Win32
		{15F0A79D-4B28-4C1E-8CB6-C8EE7C49B52E}.Debug|Win32.Deploy.0 = Debug|Win32
		{15F0A79D-4B28-4C1E-8CB6-C8EE7C49B52E}.Debug|x64.ActiveCfg = Debug|x64
		{15F0A79D-4B28-4C1E-8CB6-C8EE7C49B52E}.Debug|x64.Build.0 = Debug|x64
		{15F0A79D-4B28-4C1E-8CB6-C8EE7C49B52E}.Debug|x64.Deploy.0 = Debug|x64
		{15F0A79D-4B28-4C1E-8CB6-C8EE7C49B52E}.Release|Win32.ActiveCfg = Release|Win32
		{15F0A79D-4B28-4C1E-8CB6-C8EE7C49B52E}.Release|Win32.Build.0 = Release|Win32
		{15F0A79D-4B28-4C1E-8CB6-C8EE7C49B52E}.Release|Win32.Deploy.0 = Release|Win32
		{15F0A79D-4B28-4C1E-8CB6-C8EE7C49B52E}.Release|x64.ActiveCfg = Release|x64
		{15F0A79D-4B28-4C1E-8CB6-C8EE7C49B52E}.Release|x64.Build.0 = Release|x64
		{15F0A79D-4B28-4C1E-8CB6-C8EE7C49B52E}.Release|x64.Deploy.0 = Release|x64
		{A9D19CB4-B48F-479C-B29C-D2ABCFF7DB18}.Debug|Win32.ActiveCfg = Debug|Win32
		{A9D19CB4-B48F-479C-B29C-D2ABCFF7DB18}.Debug|Win32.Build.0 = Debug|Win32
		{A9D19CB4-B48F-479C-B29C-D2ABCFF7DB18}.Debug|Win32.Deploy.0 = Debug|Win32
		{A9D19CB4-B48F-479C-B29C-D2ABCFF7DB18}.Debug|x64.ActiveCfg = Debug|x64
		{A9D19CB4-B48F-479C-B29C-D2ABCFF7DB18}.Debug|x64.Build.0 = Debug|x64
		{A9D19CB4-B48F-479C-B29C-D2ABCFF7DB18}.Debug|x64.Deploy.0 = Debug|x64
		{A9D19CB4-B48F-479C-B29C-D2ABCFF7DB18}.Release|Win32.ActiveCfg = Release|Win32
		{A9D19CB4-B48F-479C-B29C-D2ABCFF7DB18}.Release|Win32.Build.0 = Release|Win32
		{A9D19CB4-B48F-479C-B29C-D2ABCFF7DB18}.Release|Win32.Deploy.0 = Release|Win32
		{A9D19CB4-B48F-479C-B29C-D2ABCFF7DB18}.Release|x64.ActiveCfg = Release|x64
		{A9D19CB4-B48F-479C-B29C-D2ABCFF7DB18}.Release|x64.Build.0 = Release|x64
		{A9D19CB4-B48F-479C-B29C-D2ABCFF7DB18}.Release|x64.Deploy.0 = Release|x64
		{DBE94358-762E-462C-A18B-68E9EEB9B0D8}.Debug|Win32.ActiveCfg = Debug|Win32
		{DBE94358-762E-462C-A18B-68E9EEB9B0D8}.Debug|Win32.Build.0 = Debug|Win32
		{DBE94358-762E-462C-A18B-68E9EEB9B0D8}.Debug|Win32.Deploy.0 = Debug|Win32
		{DBE94358-762E-462C-A18B-68E9EEB9B0D8}.Debug|x64.ActiveCfg = Debug|x64
		{DBE94358-762E-462C-A18B-68E9EEB9B0D8}.Debug|x64.Build.0 = Debug|x64
		{DBE94358-762E-462C-A18B-68E9EEB9B0D8}.Debug|x64.Deploy.0 = Debug|x64
		{DBE94358-762E-462C-A18B-68E9EEB9B0D8}.Release|Win32.ActiveCfg = Release|Win32
		{DBE94358-762E-462C-A18B-68E9EEB9B0D8}.Release|Win32.Build.0 = Release|Win32
		{DBE94358-762E-462C-A18B-68E9EEB9B0D8}.Release|Win32.Deploy.0 = Release|Win32
		{DBE94358-762E-462C-A18B-68E9EEB9B0D8}.Release|x64.ActiveCfg = Release|x64
		{DBE94358-762E-462C-A18B-68E9EEB9B0D8}.Release|x64.Build.0 = Release|x64
		{DBE94358-762E-462C-A18B-68E9EEB9B0D8}.Release|x64.Deploy.0 = Release|x64
		{0397A8C7-17E7-41B4-9E75-4B8FF479664A}.Debug|Win32.ActiveCfg = Debug|Win32
		{0397A8C7-17E7-41B4-9E75-4B8FF479664A}.Debug|Win32.Build.0 = Debug|Win32
		{0397A8C7-17E7-41B4-9E75-4B8FF479664A}.Debug|Win32.Deploy.0 = Debug|Win32
		{0397A8C7-17E7-41B4-9E75-4B8FF479664A}.Debug|x64.ActiveCfg = Debug|x64
		{0397A8C7-17E7-41B4-9E75-4B8FF479664A}.Debug|x64.Build.0 = Debug|x64
		{0397A8C7-17E7-41B4-9E75-4B8FF479664A}.Debug|x64.Deploy.0 = Debug|x64
		{0397A8C7-17E7-41B4-9E75-4B8FF479664A}.Release|Win32.ActiveCfg = Release|Win32
		{0397A8C7-17E7-41B4-9E75-4B8FF479664A}.Release|Win32.Build.0 = Release|Win32
		{0397A8C7-17E7-41B4-9E75-4B8FF479664A}.Release|Win32.Deploy.0 = Release|Win32
		{0397A8C7-17E7-41B4-9E75-4B8FF479664A}.Release|x64.ActiveCfg = Release|x64
		{0397A8C7-17E7-41B4-9E75-4B8FF479664A}.Release|x64.Build.0 = Release|x64
		{0397A8C7-17E7-41B4-9E75-4B8FF479664A}.Release|x64.Deploy.0 = Release|x64
		{F7AC0944-FE3D-424B-90E5-ADA61CB7A7B9}.Debug|Win32.ActiveCfg = Debug|Win32
		{F7AC0944-FE3D-424B-90E5-ADA61CB7A7B9}.Debug|Win32.Build.0 = Debug|Win32
		{F7AC0944-FE3D-424B-90E5-ADA61CB7A7B9}.Debug|Win32.Deploy.0 = Debug|Win32
		{F7AC0944-FE3D-424B-90E5-ADA61CB7A7B9}.Debug|x64.ActiveCfg = Debug|x64
		{F7AC0944-FE3D-424B-90E5-ADA61CB7A7B9}.Debug|x64.Build.0 = Debug|x64
		{F7AC0944-FE3D-424B-90E5-ADA61CB7A7B9}.Debug|x64.Deploy.0 = Debug|x64
		{F7AC0944-FE3D-424B-90E5-ADA61CB7A7B9}.Release|Win32.ActiveCfg = Release|Win32
		{F7AC0944-FE3D-424B-90E5-ADA61CB7A7B9}.Release|Win32.Build.0 = Release|Win32
		{F7AC0944-FE3D-424B-90E5-ADA61CB7A7B9}.Release|Win32.Deploy.0 = Release|Win32
		{F7AC0944-FE3D-424B-90E5-ADA61CB7A7B9}.Release|x64.ActiveCfg = Release|x64
		{F7AC0944-FE3D-424B-90E5-ADA61CB7A7B9}.Release|x64.Build.0 = Release|x64
		{F7AC0944-FE3D-424B-90E5-ADA61CB7A7B9}.Release|x64.Deploy.0 = Release|x64
		{F462309D-1287-4F5C-B7CC-73CE785C71C1}.Debug|Win32.ActiveCfg = Debug|Win32
		{F462309D-1287-4F5C-B7CC-73CE785C71C1}.Debug|Win32.Build.0 = Debug|Win32
		{F462309D-1287-4F5C-B7CC-73CE785C71C1}.Debug|Win32.Deploy.0 = Debug|Win32
		{F462309D-1287-4F5C-B7CC-73CE785C71C1}.Debug|x64.ActiveCfg = Debug|x64
		{F462309D-1287-4F5C-B7CC-73CE785C71C1}.Debug|x64.Build.0 = Debug|x64
		{F462309D-1287-4F5C-B7CC-73CE785C71C1}.Debug|x64.Deploy.0 = Debug|x64
		{F462309D-1287-4F5C-B7CC-73CE785C71C1}.Release|Win32.ActiveCfg = Release|Win32
		{F462309D-1287-4F5C-B7CC-73CE785C71C1}.Release|Win32.Build.0 = Release|Win32
		{F462309D-1287-4F5C-B7CC-73CE785C71C1}.Release|Win32.Deploy.0 = Release|Win32
		{F462309D-1287-4F5C-B7CC-73CE785C71C1}.Release|x64.ActiveCfg = Release|x64
		{F462309D-1287-4F5C-B7CC-73CE785C71C1}.Release|x64.Build.0 = Release|x64
		{F462309D-1287-4F5C-B7CC-73CE785C71C1}.Release|x64.Deploy.0 = Release|x64
		{5030C8F3-8225-4260-921C-A1FFC5DBE606}.Debug|Win32.ActiveCfg = Debug|Win32
		{5030C8F3-8225-4260-921C-A1FFC5DBE606}.Debug|Win32.Build.0 = Debug|Win32
		{5030C8F3-8225-4260-921C-A1FFC5DBE606}.Debug|Win32.Deploy.0 = Debug|Win32
		{5030C8F3-8225-4260-921C-A1FFC5DBE606}.Debug|x64.ActiveCfg = Debug|x64
		{5030C8F3-8225-4260-921C-A1FFC5DBE606}.Debug|x64.Build.0 = Debug|x64
		{5030C8F3-8225-4260-921C-A1FFC5DBE606}.Debug|x64.Deploy.0 = Debug|x64
		{5030C8F3-8225-4260-921C-A1FFC5DBE606}.Release|Win32.ActiveCfg = Release|Win32
		{5030C8F3-8225-4260-921C-A1FFC5DBE606}.Release|Win32.Build.0 = Release|Win32
		{5030C8F3-8225-4260-921C-A1FFC5DBE606}.Release|Win32.Deploy.0 = Release|Win32
		{5030C8F3-8225-4260-921C-A1FFC5DBE606}.Release|x64.ActiveCfg = Release|x64
		{5030C8F3-8225-4260-921C-A1FFC5DBE606}.Release|x64.Build.0 = Release|x64
		{5030C8F3-8225-4260-921C-A1FFC5DBE606}.Release|x64.Deploy.0 = Release|x64
		{6F763EB0-8293-4515-830F-7E812E503C6F}.Debug|Win32.ActiveCfg = Debug|Win32
		{6F763EB0-8293-4515-830F-7E812E503C6F}.Debug|Win32.Build.0 = Debug|Win32
		{6F763EB0-8293-4515-830F-7E812E503C6F}.Debug|Win32.Deploy.0 = Debug|Win32
		{6F763EB0-8293-4515-830F-7E812E503C6F}.Debug|x64.ActiveCfg = Debug|x64
		{6F763EB0-8293-4515-830F-7E812E503C6F}.Debug|x64.Build.0 = Debug|x64
		{6F763EB0-8293-4515-830F-7E812E503C6F}.Debug|x64.Deploy.0 = Debug|x64
		{6F763EB0-8293-4515-830F-7E812E503C6F}.Release|Win32.ActiveCfg = Release|Win32
		{6F763EB0-8293-4515-830F-7E812E503C6F}.Release|Win32.Build.0 = Release|Win32
		{6F763EB0-8293-4515-830F-7E812E503C6F}.Release|Win32.Deploy.0 = Release|Win32
		{6F763EB0-8293-4515-830F-7E812E503C6F}.Release|x64.ActiveCfg = Release|x64
		{6F763EB0-8293-4515-830F-7E812E503C6F}.Release|x64.Build.0 = Release|x64
		{6F763EB0-8293-4515-830F-7E812E503C6F}.Release|x64.Deploy.0 = Release|x64
		{11FFE402-9E42-4B9E-99EF-F3E893A1F170}.Debug|Win32.ActiveCfg = Debug|Win32
		{11FFE402-9E42-4B9E-99EF-F3E893A1F170}.Debug|Win32.Build.0 = Debug|Win32
		{11FFE402-9E42-4B9E-99EF-F3E893A1F170}.Debug|Win32.Deploy.0 = Debug|Win32
		{11FFE402-9E42-4B9E-99EF-F3E893A1F170}.Debug|x64.ActiveCfg = Debug|x64
		{11FFE402-9E42-4B9E-99EF-F3E893A1F170}.Debug|x64.Build.0 = Debug|x64
		{11FFE402-9E42-4B9E-99EF-F3E893A1F170}.Debug|x64.Deploy.0 = Debug|x64
		{11FFE402-9E42-4B9E-99EF-F3E893A1F170}.Release|Win32.ActiveCfg = Release|Win32
		{11FFE402-9E42-4B9E-99EF-F3E893A1F170}.Release|Win32.Build.0 = Release|Win32
		{11FFE402-9E42-4B9E-99EF-F3E893A1F170}.Release|Win32.Deploy.0 = Release|Win32
		{11FFE402-9E42-4B9E-99EF-F3E893A1F170}.Release|x64.ActiveCfg = Release|x64
		{11FFE402-9E42-4B9E-99EF-F3E893A1F170}.Release|x64.Build.0 = Release|x64
		{11FFE402-9E42-4B9E-99EF-F3E893A1F170}.Release|x64.Deploy.0 = Release|x64
		{FD72559F-A594-4BBA-BD47-078840D4F0E7}.Debug|Win32.ActiveCfg = Debug|Win32
		{FD72559F-A594-4BBA-BD47-078840D4F0E7}.Debug|Win32.Build.0 = Debug|Win32
		{FD72559F-A594-4BBA-BD47-078840D4F0E7}.Debug|Win32.Deploy.0 = Debug|Win32
		{FD72559F-A594-4BBA-BD47-078840D4F0E7}.Debug|x64.ActiveCfg = Debug|x64
		{FD72559F-A594-4BBA-BD47-078840D4F0E7}.Debug|x64.Build.0 = Debug|x64
		{FD72559F-A594-4BBA-BD47-078840D4F0E7}.Debug|x64.Deploy.0 = Debug|x64
		{FD72559F-A594-4BBA-BD47-078840D4F0E7}.Release|Win32.ActiveCfg = Release|Win32
		{FD72559F-A594-4BBA-BD47-078840D4F0E7}.Release|Win32.Build.0 = Release|Win32
		{FD72559F-A594-4BBA-BD47-078840D4F0E7}.Release|Win32.Deploy.0 = Release|Win32
		{FD72559F-A594-4BBA-BD47-078840D4F0E7}.Release|x64.ActiveCfg = Release|x64
		{FD72559F-A594-4BBA-BD47-078840D4F0E7}.Release|x64.Build.0 = Release|x64
		{FD72559F-A594-4BBA-BD47-078840D4F0E7}.Release|x64.Deploy.0 = Release|x64
		{86CBBC94-702E-4200-829D-EF5252882243}.Debug|Win32.ActiveCfg = Debug|Win32
		{86CBBC94-702E-4200-829D-EF5252882243}.Debug|Win32.Build.0 = Debug|Win32
		{86CBBC94-702E-4200-829D-EF5252882243}.Debug|Win32.Deploy.0 = Debug|Win32
		{86CBBC94-702E-4200-829D-EF5252882243}.Debug|x64.ActiveCfg = Debug|x64
		{86CBBC94-702E-4200-829D-EF5252882243}.Debug|x64.Build.0 = Debug|x64
		{86CBBC94-702E-4200-829D-EF5252882243}.Debug|x64.Deploy.0 = Debug|x64
		{86CBBC94-702E-4200-829D-EF5252882243}.Release|Win32.ActiveCfg = Release|Win32
		{86CBBC94-702E-4200-829D-EF5252882243}.Release|Win32.Build.0 = Release|Win32
		{86CBBC94-702E-4200-829D-EF5252882243}.Release|Win32.Deploy.0 = Release|Win32
		{86CBBC94-702E-4200-829D-EF5252882243}.Release|x64.ActiveCfg = Release|x64
		{86CBBC94-702E-4200-829D-EF5252882243}.Release|x64.Build.0 = Release|x64
		{86CBBC94-702E-4200-829D-EF5252882243}.Release|x64.Deploy.0 = Release|x64
		{AA554B0E-63D0-4686-8DDE-7985C41E3BCB}.Debug|Win32.ActiveCfg = Debug|Win32
		{AA554B0E-63D0-4686-8DDE-7985C41E3BCB}.Debug|Win32.Build.0 = Debug|Win32
		{AA554B0E-63D0-4686-8DDE-7985C41E3BCB}.Debug|Win32.Deploy.0 = Debug|Win32
		{AA554B0E-63D0-4686-8DDE-7985C41E3BCB}.Debug|x64.ActiveCfg = Debug|x64
		{AA554B0E-63D0-4686-8DDE-7985C41E3BCB}.Debug|x64.Build.0 = Debug|x64
		{AA554B0E-63D0-4686-8DDE-7985C41E3BCB}.Debug|x64.Deploy.0 = Debug|x64
		{AA554B0E-63D0-4686-8DDE-7985C41E3BCB}.Release|Win32.ActiveCfg = Release|Win32
		{AA554B0E-63D0-4686-8DDE-7985C41E3BCB}.Release|Win32.Build.0 = Release|Win32
		{AA554B0E-63D0-4686-8DDE-7985C41E3BCB}.Release|Win32.Deploy.0 = Release|Win32
		{AA554B0E-63D0-4686-8DDE-7985C41E3BCB}.Release|x64.ActiveCfg = Release|x64
		{AA554B0E-63D0-4686-8DDE-7985C41E3BCB}.Release|x64.Build.0 = Release|x64
		{AA554B0E-63D0-4686-8DDE-7985C41E3BCB}.Release|x64.Deploy.0 = Release|x64
		{7FEFA0B5-825F-4203-B508-7A2930D8B700}.Debug|Win32.ActiveCfg = Debug|Win32
		{7FEFA0B5-825F-4203-B508-7A2930D8B700}.Debug|Win32.Build.0 = Debug|Win32
		{7FEFA0B5-825F-4203-B508-7A2930D8B700}.Debug|Win32.Deploy.0 = Debug|Win32
		{7FEFA0B5-825F-4203-B508-7A2930D8B700}.Debug|x64.ActiveCfg = Debug|x64
		{7FEFA0B5-825F-4203-B508-7A2930D8B700}.Debug|x64.Build.0 = Debug|x64
		{7FEFA0B5-825F-4203-B508-7A2930D8B700}.Debug|x64.Deploy.0 = Debug|x64
		{7FEFA0B5-825F-4203-B508-7A2930D8B700}.Release|Win32.ActiveCfg = Release|Win32
		{7FEFA0B5-825F-4203-B508-7A2930D8B700}.Release|Win32.Build.0 = Release|Win32
		{7FEFA0B5-825F-4203-B508-7A2930D8B700}.Release|Win32.Deploy.0 = Release|Win32
		{7FEFA0B5-825F-4203-B508-7A2930D8B700}.Release|x64.ActiveCfg = Release|x64
		{7FEFA0B5-825F-4203-B508-7A2930D8B700}.Release|x64.Build.0 = Release|x64
		{7FEFA0B5-825F-4203-B508-7A2930D8B700}.Release|x64.Deploy.0 = Release|x64
		{B99C5EE7-4197-43F3-A870-FD71442B2519}.Debug|Win32.ActiveCfg = Debug|Win32
		{B99C5EE7-4197-43F3-A870-FD71442B2519}.Debug|Win32.Build.0 = Debug|Win32
		{B99C5EE7-4197-43F3-A870-FD71442B2519}.Debug|Win32.Deploy.0 = Debug|Win32
		{B99C5EE7-4197-43F3-A870-FD71442B2519}.Debug|x64.ActiveCfg = Debug|x64
		{B99C5EE7-4197-43F3-A870-FD71442B2519}.Debug|x64.Build.0 = Debug|x64
		{B99C5EE7-4197-43F3-A870-FD71442B2519}.Debug|x64.Deploy.0 = Debug|x64
		{B99C5EE7-4197-43F3-A870-FD71442B2519}.Release|Win32.ActiveCfg = Release|Win32
		{B99C5EE7-4197-43F3-A870-FD71442B2519}.Release|Win32.Build.0 = Release|Win32
		{B99C5EE7-4197-43F3-A870-FD71442B2519}.Release|Win32.Deploy.0 = Release|Win32
		{B99C5EE7-4197-43F3-A870-FD71442B2519}.Release|x64.ActiveCfg = Release|x64
		{B99C5EE7-4197-43F3-A870-FD71442B2519}.Release|x64.Build.0 = Release|x64
		{B99C5EE7-4197-43F3-A870-FD71442B2519}.Release|x64.Deploy.0 = Release|x64
		{D1D074C3-E945-4C9F-AF8C-387F2092D26A}.Debug|Win32.ActiveCfg = Debug|Win32
		{D1D074C3-E945-4C9F-AF8C-387F2092D26A}.Debug|Win32.Build.0 = Debug|Win32
		{D1D074C3-E945-4C9F-AF8C-387F2092D26A}.Debug|Win32.Deploy.0 = Debug|Win32
		{D1D074C3-E945-4C9F-AF8C-387F2092D26A}.Debug|x64.ActiveCfg = Debug|x64
		{D1D074C3-E945-4C9F-AF8C-387F2092D26A}.Debug|x64.Build.0 = Debug|x64
		{D1D074C3-E945-4C9F-AF8C-387F2092D26A}.Debug|x64.Deploy.0 = Debug|x64
		{D1D074C3-E945-4C9F-AF8C-387F2092D26A}.Release|Win32.ActiveCfg = Release|Win32
		{D1D074C3-E945-4C9F-AF8C-387F2092D26A}.Release|Win32.Build.0 = Release|Win32
		{D1D074C3-E945-4C9F-AF8C-387F2092D26A}.Release|Win32.Deploy.0 = Release|Win32
		{D1D074C3-E945-4C9F-AF8C-387F2092D26A}.Release|x64.ActiveCfg = Release|x64
		{D1D074C3-E945-4C9F-AF8C-387F2092D26A}.Release|x64.Build.0 = Release|x64
		{D1D074C3-E945-4C9F-AF8C-387F2092D26A}.Release|x64.Deploy.0 = Release|x64
		{EC2CE11F-7A31-48F0-B278-1C5CC0BE947A}.Debug|Win32.ActiveCfg = Debug|Win32
		{EC2CE11F-7A31-48F0-B278-1C5CC0BE947A}.Debug|Win32.Build.0 = Debug|Win32
		{EC2CE11F-7A31-48F0-B278-1C5CC0BE947A}.Debug|Win32.Deploy.0 = Debug|Win32
		{EC2CE11F-7A31-48F0-B278-1C5CC0BE947A}.Debug|x64.ActiveCfg = Debug|x64
		{EC2CE11F-7A31-48F0-B278-1C5CC0BE947A}.Debug|x64.Build.0 = Debug|x64
		{EC2CE11F-7A31-48F0-B278-1C5CC0BE947A}.Debug|x64.Deploy.0 = Debug|x64
		{EC2CE11F-7A31-48F0-B278-1C5CC0BE947A}.Release|Win32.ActiveCfg = Release|Win32
		{EC2CE11F-7A31-48F0-B278-1C5CC0BE947A}.Release|Win32.Build.0 = Release|Win32
		{EC2CE11F-7A31-48F0-B278-1C5CC0BE947A}.Release|Win32.Deploy.0 = Release|Win32
		{EC2CE11F-7A31-48F0-B278-1C5CC0BE947A}.Release|x64.ActiveCfg = Release|x64
		{EC2CE11F-7A31-48F0-B278-1C5CC0BE947A}.Release|x64.Build.0 = Release|x64
		{EC2CE11F-7A31-48F0-B278-1C5CC0BE947A}.Release|x64.Deploy.0 = Release|x64
		{2724F8F5-51FF-4ECB-9177-CD6621DB3B72}.Debug|Win32.ActiveCfg = Debug|Win32
		{2724F8F5-51FF-4ECB-9177-CD6621DB3B72}.Debug|Win32.Build.0 = Debug|Win32
		{2724F8F5-51FF-4ECB-9177-CD6621DB3B72}.Debug|Win32.Deploy.0 = Debug|Win32
		{2724F8F5-51FF-4ECB-9177-CD6621DB3B72}.Debug|x64.ActiveCfg = Debug|x64
		{2724F8F5-51FF-4ECB-9177-CD6621DB3B72}.Debug|x64.Build.0 = Debug|x64
		{2724F8F5-51FF-4ECB-9177-CD6621DB3B72}.Debug|x64.Deploy.0 = Debug|x64
		{2724F8F5-51FF-4ECB-9177-CD6621DB3B72}.Release|Win32.ActiveCfg = Release|Win32
		{2724F8F5-51FF-4ECB-9177-CD6621DB3B72}.Release|Win32.Build.0 = Release|Win32
		{2724F8F5-51FF-4ECB-9177-CD6621DB3B72}.Release|Win32.Deploy.0 = Release|Win32
		{2724F8F5-51FF-4ECB-9177-CD6621DB3B72}.Release|x64.ActiveCfg = Release|x64
		{2724F8F5-51FF-4ECB-9177-CD6621DB3B72}.Release|x64.Build.0 = Release|x64
		{2724F8F5-51FF-4ECB-9177-CD6621DB3B72}.Release|x64.Deploy.0 = Release|x64
		{6B480706-B310-472C-AC06-D92B1EEEE4D6}.Debug|Win32.ActiveCfg = Debug|Win32
		{6B480706-B310-472C-AC06-D92B1EEEE4D6}.Debug|Win32.Build.0 = Debug|Win32
		{6B480706-B310-472C-AC06-D92B1EEEE4D6}.Debug|Win32.Deploy.0 = Debug|Win32
		{6B480706-B310-472C-AC06-D92B1EEEE4D6}.Debug|x64.ActiveCfg = Debug|x64
		{6B480706-B310-472C-AC06-D92B1EEEE4D6}.Debug|x64.Build.0 = Debug|x64
		{6B480706-B310-472C-AC06-D92B1EEEE4D6}.Debug|x64.Deploy.0 = Debug|x64
		{6B480706-B310-472C-AC06-D92B1EEEE4D6}.Release|Win32.ActiveCfg = Release|Win32
		{6B480706-B310-472C-AC06-D92B1EEEE4D6}.Release|Win32.Build.0 = Release|Win32
		{6B480706-B310-472C-AC06-D92B1EEEE4D6}.Release|Win32.Deploy.0 = Release|Win32
		{6B480706-B310-472C-AC06-D92B1EEEE4D6}.Release|x64.ActiveCfg = Release|x64
		{6B480706-B310-472C-AC06-D92B1EEEE4D6}.Release|x64.Build.0 = Release|x64
		{6B480706-B310-472C-AC06-D92B1EEEE4D6}.Release|x64.Deploy.0 = Release|x64
		{32CE7482-03A0-4352-B2BD-FA6B2016E3E2}.Debug|Win32.ActiveCfg = Debug|Win32
		{32CE7482-03A0-4352-B2BD-FA6B2016E3E2}.Debug|Win32.Build.0 = Debug|Win32
		{32CE7482-03A0-4352-B2BD-FA6B2016E3E2}.Debug|Win32.Deploy.0 = Debug|Win32
		{32CE7482-03A0-4352-B2BD-FA6B2016E3E2}.Debug|x64.ActiveCfg = Debug|x64
		{32CE7482-03A0-4352-B2BD-FA6B2016E3E2}.Debug|x64.Build.0 = Debug|x64
		{32CE7482-03A0-4352-B2BD-FA6B2016E3E2}.Debug|x64.Deploy.0 = Debug|x64
		{32CE7482-03A0-4352-B2BD-FA6B2016E3E2}.Release|Win32.ActiveCfg = Release|Win32
		{32CE7482-03A0-4352-B2BD-FA6B2016E3E2}.Release|Win32.Build.0 = Release|Win32
		{32CE7482-03A0-4352-B2BD-FA6B2016E3E2}.Release|Win32.Deploy.0 = Release|Win32
		{32CE7482-03A0-4352-B2BD-FA6B2016E3E2}.Release|x64.ActiveCfg = Release|x64
		{32CE7482-03A0-4352-B2BD-FA6B2016E3E2}.Release|x64.Build.0 = Release|x64
		{32CE7482-03A0-4352-B2BD-FA6B2016E3E2}.Release|x64.Deploy.0 = Release|x64
		{3161E7FA-E1CB-47E0-B195-CB57F26C256D}.Debug|Win32.ActiveCfg = Debug|Win32
		{3161E7FA-E1CB-47E0-B195-CB57F26C256D}.Debug|Win32.Build.0 = Debug|Win32
		{3161E7FA-E1CB-47E0-B195-CB57F26C256D}.Debug|Win32.Deploy.0 = Debug|Win32
		{3161E7FA-E1CB-47E0-B195-CB57F26C256D}.Debug|x64.ActiveCfg = Debug|x64
		{3161E7FA-E1CB-47E0-B195-CB57F26C256D}.Debug|x64.Build.0 = Debug|x64
		{3161E7FA-E1CB-47E0-B195-CB57F26C256D}.Debug|x64.Deploy.0 = Debug|x64
		{3161E7FA-E1CB-47E0-B195-CB57F26C256D}.Release|Win32.ActiveCfg = Release|Win32
		{3161E7FA-E1CB-47E0-B195-CB57F26C256D}.Release|Win32.Build.0 = Release|Win32
		{3161E7FA-E1CB-47E0-B195-CB57F26C256D}.Release|Win32.Deploy.0 = Release|Win32
		{3161E7FA-E1CB-47E0-B195-CB57F26C256D}.Release|x64.ActiveCfg = Release|x64
		{3161E7FA-E1CB-47E0-B195-CB57F26C256D}.Release|x64.Build.0 = Release|x64
		{3161E7FA-E1CB-47E0-B195-CB57F26C256D}.Release|x64.Deploy.0 = Release|x64
		{5164F3C0-AADA-434D-BE41-29C5892410AF}.Debug|Win32.ActiveCfg = Debug|Win32
		{5164F3C0-AADA-434D-BE41-29C5892410AF}.Debug|Win32.Build.0 = Debug|Win32
		{5164F3C0-AADA-434D-BE41-29C5892410AF}.Debug|Win32.Deploy.0 = Debug|Win32
		{5164F3C0-AADA-434D-BE41-29C5892410AF}.Debug|x64.ActiveCfg = Debug|x64
		{5164F3C0-AADA-434D-BE41-29C5892410AF}.Debug|x64.Build.0 = Debug|x64
		{5164F3C0-AADA-434D-BE41-29C5892410AF}.Debug|x64.Deploy.0 = Debug|x64
		{5164F3C0-AADA-434D-BE41-29C5892410AF}.Release|Win32.ActiveCfg = Release|Win32
		{5164F3C0-AADA-434D-BE41-29C5892410AF}.Release|Win32.Build.0 = Release|Win32
		{5164F3C0-AADA-434D-BE41-29C5892410AF}.Release|Win32.Deploy.0 = Release|Win32
		{5164F3C0-AADA-434D-BE41-29C5892410AF}.Release|x64.ActiveCfg = Release|x64
		{5164F3C0-AADA-434D-BE41-29C5892410AF}.Release|x64.Build.0 = Release|x64
		{5164F3C0-AADA-434D-BE41-29C5892410AF}.Release|x64.Deploy.0 = Release|x64
		{A4F2B419-4C93-4969-A6C6-0FAE249DD4C1}.Debug|Win32.ActiveCfg = Debug|Win32
		{A4F2B419-4C93-4969-A6C6-0FAE249DD4C1}.Debug|Win32.Build.0 = Debug|Win32
		{A4F2B419-4C93-4969-A6C6-0FAE249DD4C1}.Debug|Win32.Deploy.0 = Debug|Win32
		{A4F2B419-4C93-4969-A6C6-0FAE249DD4C1}.Debug|x64.ActiveCfg = Debug|x64
		{A4F2B419-4C93-4969-A6C6-0FAE249DD4C1}.Debug|x64.Build.0 = Debug|x64
		{A4F2B419-4C93-4969-A6C6-0FAE249DD4C1}.Debug|x64.Deploy.0 = Debug|x64
		{A4F2B419-4C93-4969-A6C6-0FAE249DD4C1}.Release|Win32.ActiveCfg = Release|Win32
		{A4F2B419-4C93-4969-A6C6-0FAE249DD4C1}.Release|Win32.Build.0 = Release|Win32
		{A4F2B419-4C93-4969-A6C6-0FAE249DD4C1}.Release|Win32.Deploy.0 = Release|Win32
		{A4F2B419-4C93-4969-A6C6-0FAE249DD4C1}.Release|x64.ActiveCfg = Release|x64
		{A4F2B419-4C93-4969-A6C6-0FAE249DD4C1}.Release|x64.Build.0 = Release|x64
		{A4F2B419-4C93-4969-A6C6-0FAE249DD4C1}.Release|x64.Deploy.0 = Release|x64
	EndGlobalSection
	GlobalSection(SolutionProperties) = preSolution
		HideSolutionNode = FALSE
	EndGlobalSection
EndGlobal
